// !$*UTF8*$!
{
	archiveVersion = 1;
	classes = {
	};
	objectVersion = 77;
	objects = {

/* Begin PBXBuildFile section */
		EA62494E2EB3959800B5E33D /* AVFAudio.framework in Frameworks */ = {isa = PBXBuildFile; fileRef = EA62494C2EB3946900B5E33D /* AVFAudio.framework */; };
		EA6249522EB3C07A00B5E33D /* UniformTypeIdentifiers.framework in Frameworks */ = {isa = PBXBuildFile; fileRef = EA6249512EB3C07A00B5E33D /* UniformTypeIdentifiers.framework */; };
		EAF2527E2EAD209600BE2A3A /* WidgetKit.framework in Frameworks */ = {isa = PBXBuildFile; fileRef = EAF2527D2EAD209600BE2A3A /* WidgetKit.framework */; };
		EAF252802EAD209600BE2A3A /* SwiftUI.framework in Frameworks */ = {isa = PBXBuildFile; fileRef = EAF2527F2EAD209600BE2A3A /* SwiftUI.framework */; };
		EAF2528D2EAD209700BE2A3A /* ClippyIsleWidgetExtension.appex in Embed Foundation Extensions */ = {isa = PBXBuildFile; fileRef = EAF2527B2EAD209600BE2A3A /* ClippyIsleWidgetExtension.appex */; settings = {ATTRIBUTES = (RemoveHeadersOnCopy, ); }; };
		EAF252A22EAD217600BE2A3A /* ClippyIsleShare.appex in Embed Foundation Extensions */ = {isa = PBXBuildFile; fileRef = EAF252982EAD217500BE2A3A /* ClippyIsleShare.appex */; settings = {ATTRIBUTES = (RemoveHeadersOnCopy, ); }; };
/* End PBXBuildFile section */

/* Begin PBXContainerItemProxy section */
		EAF2528B2EAD209700BE2A3A /* PBXContainerItemProxy */ = {
			isa = PBXContainerItemProxy;
			containerPortal = EAF252602EAD1F8600BE2A3A /* Project object */;
			proxyType = 1;
			remoteGlobalIDString = EAF2527A2EAD209600BE2A3A;
			remoteInfo = ClippyIsleWidgetExtension;
		};
		EAF252A02EAD217600BE2A3A /* PBXContainerItemProxy */ = {
			isa = PBXContainerItemProxy;
			containerPortal = EAF252602EAD1F8600BE2A3A /* Project object */;
			proxyType = 1;
			remoteGlobalIDString = EAF252972EAD217500BE2A3A;
			remoteInfo = ClippyIsleShare;
		};
/* End PBXContainerItemProxy section */

/* Begin PBXCopyFilesBuildPhase section */
		EAF252922EAD209700BE2A3A /* Embed Foundation Extensions */ = {
			isa = PBXCopyFilesBuildPhase;
			buildActionMask = 2147483647;
			dstPath = "";
			dstSubfolderSpec = 13;
			files = (
				EAF252A22EAD217600BE2A3A /* ClippyIsleShare.appex in Embed Foundation Extensions */,
				EAF2528D2EAD209700BE2A3A /* ClippyIsleWidgetExtension.appex in Embed Foundation Extensions */,
			);
			name = "Embed Foundation Extensions";
			runOnlyForDeploymentPostprocessing = 0;
		};
/* End PBXCopyFilesBuildPhase section */

/* Begin PBXFileReference section */
		EA62494C2EB3946900B5E33D /* AVFAudio.framework */ = {isa = PBXFileReference; lastKnownFileType = wrapper.framework; name = AVFAudio.framework; path = System/Library/Frameworks/AVFAudio.framework; sourceTree = SDKROOT; };
		EA6249512EB3C07A00B5E33D /* UniformTypeIdentifiers.framework */ = {isa = PBXFileReference; lastKnownFileType = wrapper.framework; name = UniformTypeIdentifiers.framework; path = System/Library/Frameworks/UniformTypeIdentifiers.framework; sourceTree = SDKROOT; };
		EAF252682EAD1F8600BE2A3A /* ClippyIsle.app */ = {isa = PBXFileReference; explicitFileType = wrapper.application; includeInIndex = 0; path = ClippyIsle.app; sourceTree = BUILT_PRODUCTS_DIR; };
		EAF2527B2EAD209600BE2A3A /* ClippyIsleWidgetExtension.appex */ = {isa = PBXFileReference; explicitFileType = "wrapper.app-extension"; includeInIndex = 0; path = ClippyIsleWidgetExtension.appex; sourceTree = BUILT_PRODUCTS_DIR; };
		EAF2527D2EAD209600BE2A3A /* WidgetKit.framework */ = {isa = PBXFileReference; lastKnownFileType = wrapper.framework; name = WidgetKit.framework; path = System/Library/Frameworks/WidgetKit.framework; sourceTree = SDKROOT; };
		EAF2527F2EAD209600BE2A3A /* SwiftUI.framework */ = {isa = PBXFileReference; lastKnownFileType = wrapper.framework; name = SwiftUI.framework; path = System/Library/Frameworks/SwiftUI.framework; sourceTree = SDKROOT; };
		EAF252932EAD20B300BE2A3A /* ClippyIsleWidgetExtension.entitlements */ = {isa = PBXFileReference; lastKnownFileType = text.plist.entitlements; path = ClippyIsleWidgetExtension.entitlements; sourceTree = "<group>"; };
		EAF252982EAD217500BE2A3A /* ClippyIsleShare.appex */ = {isa = PBXFileReference; explicitFileType = "wrapper.app-extension"; includeInIndex = 0; path = ClippyIsleShare.appex; sourceTree = BUILT_PRODUCTS_DIR; };
/* End PBXFileReference section */

/* Begin PBXFileSystemSynchronizedBuildFileExceptionSet section */
		EA7BB7D62ED2FFCD005DC974 /* Exceptions for "ClippyIsle" folder in "ClippyIsleWidgetExtension" target */ = {
			isa = PBXFileSystemSynchronizedBuildFileExceptionSet;
			membershipExceptions = (
				Assets.xcassets,
			);
			target = EAF2527A2EAD209600BE2A3A /* ClippyIsleWidgetExtension */;
		};
		EAF2528E2EAD209700BE2A3A /* Exceptions for "ClippyIsleWidget" folder in "ClippyIsleWidgetExtension" target */ = {
			isa = PBXFileSystemSynchronizedBuildFileExceptionSet;
			membershipExceptions = (
				Info.plist,
			);
			target = EAF2527A2EAD209600BE2A3A /* ClippyIsleWidgetExtension */;
		};
		EAF252A32EAD217600BE2A3A /* Exceptions for "ClippyIsleShare" folder in "ClippyIsleShare" target */ = {
			isa = PBXFileSystemSynchronizedBuildFileExceptionSet;
			membershipExceptions = (
				Info.plist,
			);
			target = EAF252972EAD217500BE2A3A /* ClippyIsleShare */;
		};
		EAF252A92EAD297100BE2A3A /* Exceptions for "ClippyIsle" folder in "ClippyIsle" target */ = {
			isa = PBXFileSystemSynchronizedBuildFileExceptionSet;
			membershipExceptions = (
				Info.plist,
			);
			target = EAF252672EAD1F8600BE2A3A /* ClippyIsle */;
		};
		EAF252AE2EAD726B00BE2A3A /* Exceptions for "ClippyIsleShare" folder in "ClippyIsle" target */ = {
			isa = PBXFileSystemSynchronizedBuildFileExceptionSet;
			membershipExceptions = (
				Localizable.xcstrings,
			);
			target = EAF252672EAD1F8600BE2A3A /* ClippyIsle */;
		};
		EAF252AF2EAD726B00BE2A3A /* Exceptions for "ClippyIsleShare" folder in "ClippyIsleWidgetExtension" target */ = {
			isa = PBXFileSystemSynchronizedBuildFileExceptionSet;
			membershipExceptions = (
				Localizable.xcstrings,
			);
			target = EAF2527A2EAD209600BE2A3A /* ClippyIsleWidgetExtension */;
		};
/* End PBXFileSystemSynchronizedBuildFileExceptionSet section */

/* Begin PBXFileSystemSynchronizedRootGroup section */
		EACC00012EBCEFCA008C064F /* SharedModels */ = {
			isa = PBXFileSystemSynchronizedRootGroup;
			path = SharedModels;
			sourceTree = "<group>";
		};
		EAF2526A2EAD1F8600BE2A3A /* ClippyIsle */ = {
			isa = PBXFileSystemSynchronizedRootGroup;
			exceptions = (
				EAF252A92EAD297100BE2A3A /* Exceptions for "ClippyIsle" folder in "ClippyIsle" target */,
				EA7BB7D62ED2FFCD005DC974 /* Exceptions for "ClippyIsle" folder in "ClippyIsleWidgetExtension" target */,
			);
			path = ClippyIsle;
			sourceTree = "<group>";
		};
		EAF252812EAD209600BE2A3A /* ClippyIsleWidget */ = {
			isa = PBXFileSystemSynchronizedRootGroup;
			exceptions = (
				EAF2528E2EAD209700BE2A3A /* Exceptions for "ClippyIsleWidget" folder in "ClippyIsleWidgetExtension" target */,
			);
			path = ClippyIsleWidget;
			sourceTree = "<group>";
		};
		EAF252992EAD217500BE2A3A /* ClippyIsleShare */ = {
			isa = PBXFileSystemSynchronizedRootGroup;
			exceptions = (
				EAF252AE2EAD726B00BE2A3A /* Exceptions for "ClippyIsleShare" folder in "ClippyIsle" target */,
				EAF252AF2EAD726B00BE2A3A /* Exceptions for "ClippyIsleShare" folder in "ClippyIsleWidgetExtension" target */,
				EAF252A32EAD217600BE2A3A /* Exceptions for "ClippyIsleShare" folder in "ClippyIsleShare" target */,
			);
			path = ClippyIsleShare;
			sourceTree = "<group>";
		};
/* End PBXFileSystemSynchronizedRootGroup section */

/* Begin PBXFrameworksBuildPhase section */
		EAF252652EAD1F8600BE2A3A /* Frameworks */ = {
			isa = PBXFrameworksBuildPhase;
			buildActionMask = 2147483647;
			files = (
				EA6249522EB3C07A00B5E33D /* UniformTypeIdentifiers.framework in Frameworks */,
				EA62494E2EB3959800B5E33D /* AVFAudio.framework in Frameworks */,
			);
			runOnlyForDeploymentPostprocessing = 0;
		};
		EAF252782EAD209600BE2A3A /* Frameworks */ = {
			isa = PBXFrameworksBuildPhase;
			buildActionMask = 2147483647;
			files = (
				EAF252802EAD209600BE2A3A /* SwiftUI.framework in Frameworks */,
				EAF2527E2EAD209600BE2A3A /* WidgetKit.framework in Frameworks */,
			);
			runOnlyForDeploymentPostprocessing = 0;
		};
		EAF252952EAD217500BE2A3A /* Frameworks */ = {
			isa = PBXFrameworksBuildPhase;
			buildActionMask = 2147483647;
			files = (
			);
			runOnlyForDeploymentPostprocessing = 0;
		};
/* End PBXFrameworksBuildPhase section */

/* Begin PBXGroup section */
		EAF2525F2EAD1F8600BE2A3A = {
			isa = PBXGroup;
			children = (
				EACC00012EBCEFCA008C064F /* SharedModels */,
				EAF252932EAD20B300BE2A3A /* ClippyIsleWidgetExtension.entitlements */,
				EAF2526A2EAD1F8600BE2A3A /* ClippyIsle */,
				EAF252812EAD209600BE2A3A /* ClippyIsleWidget */,
				EAF252992EAD217500BE2A3A /* ClippyIsleShare */,
				EAF2527C2EAD209600BE2A3A /* Frameworks */,
				EAF252692EAD1F8600BE2A3A /* Products */,
			);
			sourceTree = "<group>";
		};
		EAF252692EAD1F8600BE2A3A /* Products */ = {
			isa = PBXGroup;
			children = (
				EAF252682EAD1F8600BE2A3A /* ClippyIsle.app */,
				EAF2527B2EAD209600BE2A3A /* ClippyIsleWidgetExtension.appex */,
				EAF252982EAD217500BE2A3A /* ClippyIsleShare.appex */,
			);
			name = Products;
			sourceTree = "<group>";
		};
		EAF2527C2EAD209600BE2A3A /* Frameworks */ = {
			isa = PBXGroup;
			children = (
				EA6249512EB3C07A00B5E33D /* UniformTypeIdentifiers.framework */,
				EA62494C2EB3946900B5E33D /* AVFAudio.framework */,
				EAF2527D2EAD209600BE2A3A /* WidgetKit.framework */,
				EAF2527F2EAD209600BE2A3A /* SwiftUI.framework */,
			);
			name = Frameworks;
			sourceTree = "<group>";
		};
/* End PBXGroup section */

/* Begin PBXNativeTarget section */
		EAF252672EAD1F8600BE2A3A /* ClippyIsle */ = {
			isa = PBXNativeTarget;
			buildConfigurationList = EAF252732EAD1F8700BE2A3A /* Build configuration list for PBXNativeTarget "ClippyIsle" */;
			buildPhases = (
				EAF252642EAD1F8600BE2A3A /* Sources */,
				EAF252652EAD1F8600BE2A3A /* Frameworks */,
				EAF252662EAD1F8600BE2A3A /* Resources */,
				EAF252922EAD209700BE2A3A /* Embed Foundation Extensions */,
			);
			buildRules = (
			);
			dependencies = (
				EAF2528C2EAD209700BE2A3A /* PBXTargetDependency */,
				EAF252A12EAD217600BE2A3A /* PBXTargetDependency */,
			);
			fileSystemSynchronizedGroups = (
				EACC00012EBCEFCA008C064F /* SharedModels */,
				EAF2526A2EAD1F8600BE2A3A /* ClippyIsle */,
			);
			name = ClippyIsle;
			packageProductDependencies = (
			);
			productName = ClippyIsle;
			productReference = EAF252682EAD1F8600BE2A3A /* ClippyIsle.app */;
			productType = "com.apple.product-type.application";
		};
		EAF2527A2EAD209600BE2A3A /* ClippyIsleWidgetExtension */ = {
			isa = PBXNativeTarget;
			buildConfigurationList = EAF2528F2EAD209700BE2A3A /* Build configuration list for PBXNativeTarget "ClippyIsleWidgetExtension" */;
			buildPhases = (
				EAF252772EAD209600BE2A3A /* Sources */,
				EAF252782EAD209600BE2A3A /* Frameworks */,
				EAF252792EAD209600BE2A3A /* Resources */,
			);
			buildRules = (
			);
			dependencies = (
			);
			fileSystemSynchronizedGroups = (
				EACC00012EBCEFCA008C064F /* SharedModels */,
				EAF252812EAD209600BE2A3A /* ClippyIsleWidget */,
			);
			name = ClippyIsleWidgetExtension;
			packageProductDependencies = (
			);
			productName = ClippyIsleWidgetExtension;
			productReference = EAF2527B2EAD209600BE2A3A /* ClippyIsleWidgetExtension.appex */;
			productType = "com.apple.product-type.app-extension";
		};
		EAF252972EAD217500BE2A3A /* ClippyIsleShare */ = {
			isa = PBXNativeTarget;
			buildConfigurationList = EAF252A42EAD217600BE2A3A /* Build configuration list for PBXNativeTarget "ClippyIsleShare" */;
			buildPhases = (
				EAF252942EAD217500BE2A3A /* Sources */,
				EAF252952EAD217500BE2A3A /* Frameworks */,
				EAF252962EAD217500BE2A3A /* Resources */,
			);
			buildRules = (
			);
			dependencies = (
			);
			fileSystemSynchronizedGroups = (
				EACC00012EBCEFCA008C064F /* SharedModels */,
				EAF252992EAD217500BE2A3A /* ClippyIsleShare */,
			);
			name = ClippyIsleShare;
			packageProductDependencies = (
			);
			productName = ClippyIsleShare;
			productReference = EAF252982EAD217500BE2A3A /* ClippyIsleShare.appex */;
			productType = "com.apple.product-type.app-extension";
		};
/* End PBXNativeTarget section */

/* Begin PBXProject section */
		EAF252602EAD1F8600BE2A3A /* Project object */ = {
			isa = PBXProject;
			attributes = {
				BuildIndependentTargetsInParallel = 1;
				LastSwiftUpdateCheck = 2600;
				LastUpgradeCheck = 2600;
				TargetAttributes = {
					EAF252672EAD1F8600BE2A3A = {
						CreatedOnToolsVersion = 26.0.1;
					};
					EAF2527A2EAD209600BE2A3A = {
						CreatedOnToolsVersion = 26.0.1;
					};
					EAF252972EAD217500BE2A3A = {
						CreatedOnToolsVersion = 26.0.1;
					};
				};
			};
			buildConfigurationList = EAF252632EAD1F8600BE2A3A /* Build configuration list for PBXProject "ClippyIsle" */;
			developmentRegion = en;
			hasScannedForEncodings = 0;
			knownRegions = (
				en,
				Base,
				"zh-Hant",
			);
			mainGroup = EAF2525F2EAD1F8600BE2A3A;
			minimizedProjectReferenceProxies = 1;
			preferredProjectObjectVersion = 77;
			productRefGroup = EAF252692EAD1F8600BE2A3A /* Products */;
			projectDirPath = "";
			projectRoot = "";
			targets = (
				EAF252672EAD1F8600BE2A3A /* ClippyIsle */,
				EAF2527A2EAD209600BE2A3A /* ClippyIsleWidgetExtension */,
				EAF252972EAD217500BE2A3A /* ClippyIsleShare */,
			);
		};
/* End PBXProject section */

/* Begin PBXResourcesBuildPhase section */
		EAF252662EAD1F8600BE2A3A /* Resources */ = {
			isa = PBXResourcesBuildPhase;
			buildActionMask = 2147483647;
			files = (
			);
			runOnlyForDeploymentPostprocessing = 0;
		};
		EAF252792EAD209600BE2A3A /* Resources */ = {
			isa = PBXResourcesBuildPhase;
			buildActionMask = 2147483647;
			files = (
			);
			runOnlyForDeploymentPostprocessing = 0;
		};
		EAF252962EAD217500BE2A3A /* Resources */ = {
			isa = PBXResourcesBuildPhase;
			buildActionMask = 2147483647;
			files = (
			);
			runOnlyForDeploymentPostprocessing = 0;
		};
/* End PBXResourcesBuildPhase section */

/* Begin PBXSourcesBuildPhase section */
		EAF252642EAD1F8600BE2A3A /* Sources */ = {
			isa = PBXSourcesBuildPhase;
			buildActionMask = 2147483647;
			files = (
			);
			runOnlyForDeploymentPostprocessing = 0;
		};
		EAF252772EAD209600BE2A3A /* Sources */ = {
			isa = PBXSourcesBuildPhase;
			buildActionMask = 2147483647;
			files = (
			);
			runOnlyForDeploymentPostprocessing = 0;
		};
		EAF252942EAD217500BE2A3A /* Sources */ = {
			isa = PBXSourcesBuildPhase;
			buildActionMask = 2147483647;
			files = (
			);
			runOnlyForDeploymentPostprocessing = 0;
		};
/* End PBXSourcesBuildPhase section */

/* Begin PBXTargetDependency section */
		EAF2528C2EAD209700BE2A3A /* PBXTargetDependency */ = {
			isa = PBXTargetDependency;
			target = EAF2527A2EAD209600BE2A3A /* ClippyIsleWidgetExtension */;
			targetProxy = EAF2528B2EAD209700BE2A3A /* PBXContainerItemProxy */;
		};
		EAF252A12EAD217600BE2A3A /* PBXTargetDependency */ = {
			isa = PBXTargetDependency;
			target = EAF252972EAD217500BE2A3A /* ClippyIsleShare */;
			targetProxy = EAF252A02EAD217600BE2A3A /* PBXContainerItemProxy */;
		};
/* End PBXTargetDependency section */

/* Begin XCBuildConfiguration section */
		EAF252712EAD1F8700BE2A3A /* Debug */ = {
			isa = XCBuildConfiguration;
			buildSettings = {
				ALWAYS_SEARCH_USER_PATHS = NO;
				ASSETCATALOG_COMPILER_GENERATE_SWIFT_ASSET_SYMBOL_EXTENSIONS = YES;
				CLANG_ANALYZER_NONNULL = YES;
				CLANG_ANALYZER_NUMBER_OBJECT_CONVERSION = YES_AGGRESSIVE;
				CLANG_CXX_LANGUAGE_STANDARD = "gnu++20";
				CLANG_ENABLE_MODULES = YES;
				CLANG_ENABLE_OBJC_ARC = YES;
				CLANG_ENABLE_OBJC_WEAK = YES;
				CLANG_WARN_BLOCK_CAPTURE_AUTORELEASING = YES;
				CLANG_WARN_BOOL_CONVERSION = YES;
				CLANG_WARN_COMMA = YES;
				CLANG_WARN_CONSTANT_CONVERSION = YES;
				CLANG_WARN_DEPRECATED_OBJC_IMPLEMENTATIONS = YES;
				CLANG_WARN_DIRECT_OBJC_ISA_USAGE = YES_ERROR;
				CLANG_WARN_DOCUMENTATION_COMMENTS = YES;
				CLANG_WARN_EMPTY_BODY = YES;
				CLANG_WARN_ENUM_CONVERSION = YES;
				CLANG_WARN_INFINITE_RECURSION = YES;
				CLANG_WARN_INT_CONVERSION = YES;
				CLANG_WARN_NON_LITERAL_NULL_CONVERSION = YES;
				CLANG_WARN_OBJC_IMPLICIT_RETAIN_SELF = YES;
				CLANG_WARN_OBJC_LITERAL_CONVERSION = YES;
				CLANG_WARN_OBJC_ROOT_CLASS = YES_ERROR;
				CLANG_WARN_QUOTED_INCLUDE_IN_FRAMEWORK_HEADER = YES;
				CLANG_WARN_RANGE_LOOP_ANALYSIS = YES;
				CLANG_WARN_STRICT_PROTOTYPES = YES;
				CLANG_WARN_SUSPICIOUS_MOVE = YES;
				CLANG_WARN_UNGUARDED_AVAILABILITY = YES_AGGRESSIVE;
				CLANG_WARN_UNREACHABLE_CODE = YES;
				CLANG_WARN__DUPLICATE_METHOD_MATCH = YES;
				COPY_PHASE_STRIP = NO;
				DEBUG_INFORMATION_FORMAT = dwarf;
				DEVELOPMENT_TEAM = J894ABBU74;
				ENABLE_STRICT_OBJC_MSGSEND = YES;
				ENABLE_TESTABILITY = YES;
				ENABLE_USER_SCRIPT_SANDBOXING = YES;
				GCC_C_LANGUAGE_STANDARD = gnu17;
				GCC_DYNAMIC_NO_PIC = NO;
				GCC_NO_COMMON_BLOCKS = YES;
				GCC_OPTIMIZATION_LEVEL = 0;
				GCC_PREPROCESSOR_DEFINITIONS = (
					"DEBUG=1",
					"$(inherited)",
				);
				GCC_WARN_64_TO_32_BIT_CONVERSION = YES;
				GCC_WARN_ABOUT_RETURN_TYPE = YES_ERROR;
				GCC_WARN_UNDECLARED_SELECTOR = YES;
				GCC_WARN_UNINITIALIZED_AUTOS = YES_AGGRESSIVE;
				GCC_WARN_UNUSED_FUNCTION = YES;
				GCC_WARN_UNUSED_VARIABLE = YES;
				IPHONEOS_DEPLOYMENT_TARGET = 26.0;
				LOCALIZATION_PREFERS_STRING_CATALOGS = YES;
				MTL_ENABLE_DEBUG_INFO = INCLUDE_SOURCE;
				MTL_FAST_MATH = YES;
				ONLY_ACTIVE_ARCH = YES;
				SDKROOT = iphoneos;
				SWIFT_ACTIVE_COMPILATION_CONDITIONS = "DEBUG $(inherited)";
				SWIFT_EMIT_LOC_STRINGS = YES;
				SWIFT_OPTIMIZATION_LEVEL = "-Onone";
			};
			name = Debug;
		};
		EAF252722EAD1F8700BE2A3A /* Release */ = {
			isa = XCBuildConfiguration;
			buildSettings = {
				ALWAYS_SEARCH_USER_PATHS = NO;
				ASSETCATALOG_COMPILER_GENERATE_SWIFT_ASSET_SYMBOL_EXTENSIONS = YES;
				CLANG_ANALYZER_NONNULL = YES;
				CLANG_ANALYZER_NUMBER_OBJECT_CONVERSION = YES_AGGRESSIVE;
				CLANG_CXX_LANGUAGE_STANDARD = "gnu++20";
				CLANG_ENABLE_MODULES = YES;
				CLANG_ENABLE_OBJC_ARC = YES;
				CLANG_ENABLE_OBJC_WEAK = YES;
				CLANG_WARN_BLOCK_CAPTURE_AUTORELEASING = YES;
				CLANG_WARN_BOOL_CONVERSION = YES;
				CLANG_WARN_COMMA = YES;
				CLANG_WARN_CONSTANT_CONVERSION = YES;
				CLANG_WARN_DEPRECATED_OBJC_IMPLEMENTATIONS = YES;
				CLANG_WARN_DIRECT_OBJC_ISA_USAGE = YES_ERROR;
				CLANG_WARN_DOCUMENTATION_COMMENTS = YES;
				CLANG_WARN_EMPTY_BODY = YES;
				CLANG_WARN_ENUM_CONVERSION = YES;
				CLANG_WARN_INFINITE_RECURSION = YES;
				CLANG_WARN_INT_CONVERSION = YES;
				CLANG_WARN_NON_LITERAL_NULL_CONVERSION = YES;
				CLANG_WARN_OBJC_IMPLICIT_RETAIN_SELF = YES;
				CLANG_WARN_OBJC_LITERAL_CONVERSION = YES;
				CLANG_WARN_OBJC_ROOT_CLASS = YES_ERROR;
				CLANG_WARN_QUOTED_INCLUDE_IN_FRAMEWORK_HEADER = YES;
				CLANG_WARN_RANGE_LOOP_ANALYSIS = YES;
				CLANG_WARN_STRICT_PROTOTYPES = YES;
				CLANG_WARN_SUSPICIOUS_MOVE = YES;
				CLANG_WARN_UNGUARDED_AVAILABILITY = YES_AGGRESSIVE;
				CLANG_WARN_UNREACHABLE_CODE = YES;
				CLANG_WARN__DUPLICATE_METHOD_MATCH = YES;
				COPY_PHASE_STRIP = NO;
				DEBUG_INFORMATION_FORMAT = "dwarf-with-dsym";
				DEVELOPMENT_TEAM = J894ABBU74;
				ENABLE_NS_ASSERTIONS = NO;
				ENABLE_STRICT_OBJC_MSGSEND = YES;
				ENABLE_USER_SCRIPT_SANDBOXING = YES;
				GCC_C_LANGUAGE_STANDARD = gnu17;
				GCC_NO_COMMON_BLOCKS = YES;
				GCC_WARN_64_TO_32_BIT_CONVERSION = YES;
				GCC_WARN_ABOUT_RETURN_TYPE = YES_ERROR;
				GCC_WARN_UNDECLARED_SELECTOR = YES;
				GCC_WARN_UNINITIALIZED_AUTOS = YES_AGGRESSIVE;
				GCC_WARN_UNUSED_FUNCTION = YES;
				GCC_WARN_UNUSED_VARIABLE = YES;
				IPHONEOS_DEPLOYMENT_TARGET = 26.0;
				LOCALIZATION_PREFERS_STRING_CATALOGS = YES;
				MTL_ENABLE_DEBUG_INFO = NO;
				MTL_FAST_MATH = YES;
				SDKROOT = iphoneos;
				SWIFT_COMPILATION_MODE = wholemodule;
				SWIFT_EMIT_LOC_STRINGS = YES;
				VALIDATE_PRODUCT = YES;
			};
			name = Release;
		};
		EAF252742EAD1F8700BE2A3A /* Debug */ = {
			isa = XCBuildConfiguration;
			buildSettings = {
				ASSETCATALOG_COMPILER_APPICON_NAME = AppIcon;
				ASSETCATALOG_COMPILER_GLOBAL_ACCENT_COLOR_NAME = AccentColor;
				CODE_SIGN_ENTITLEMENTS = ClippyIsle/ClippyIsle.entitlements;
				CODE_SIGN_STYLE = Automatic;
				CURRENT_PROJECT_VERSION = 1;
				DEVELOPMENT_TEAM = J894ABBU74;
				ENABLE_PREVIEWS = YES;
				GENERATE_INFOPLIST_FILE = YES;
				INFOPLIST_FILE = ClippyIsle/Info.plist;
				INFOPLIST_KEY_CFBundleDisplayName = "C Isle";
				INFOPLIST_KEY_NSMicrophoneUsageDescription = "用於錄音以支援語音搜尋與語音控制。";
				INFOPLIST_KEY_NSPhotoLibraryAddUsageDescription = "用於將內容儲存到您的相簿。";
				INFOPLIST_KEY_NSPhotoLibraryUsageDescription = "用於選取圖片以儲存或建立剪貼項目。";
				INFOPLIST_KEY_NSSpeechRecognitionUsageDescription = "用於將語音轉為文字以啟用語音搜尋功能。";
				INFOPLIST_KEY_NSSupportsLiveActivities = YES;
				INFOPLIST_KEY_UIApplicationSceneManifest_Generation = YES;
				INFOPLIST_KEY_UIApplicationSupportsIndirectInputEvents = YES;
				INFOPLIST_KEY_UILaunchScreen_Generation = YES;
				INFOPLIST_KEY_UISupportedInterfaceOrientations = UIInterfaceOrientationPortrait;
				INFOPLIST_KEY_UISupportedInterfaceOrientations_iPad = "UIInterfaceOrientationLandscapeLeft UIInterfaceOrientationLandscapeRight UIInterfaceOrientationPortrait UIInterfaceOrientationPortraitUpsideDown";
				IPHONEOS_DEPLOYMENT_TARGET = 18.6;
				LD_RUNPATH_SEARCH_PATHS = (
					"$(inherited)",
					"@executable_path/Frameworks",
				);
				MARKETING_VERSION = 1.0;
				PRODUCT_BUNDLE_IDENTIFIER = J894ABBU74.ClippyIsle;
				PRODUCT_NAME = "$(TARGET_NAME)";
				STRING_CATALOG_GENERATE_SYMBOLS = YES;
				SWIFT_APPROACHABLE_CONCURRENCY = YES;
				SWIFT_DEFAULT_ACTOR_ISOLATION = MainActor;
				SWIFT_EMIT_LOC_STRINGS = YES;
				SWIFT_UPCOMING_FEATURE_MEMBER_IMPORT_VISIBILITY = YES;
				SWIFT_VERSION = 5.0;
				TARGETED_DEVICE_FAMILY = "1,2";
			};
			name = Debug;
		};
		EAF252752EAD1F8700BE2A3A /* Release */ = {
			isa = XCBuildConfiguration;
			buildSettings = {
				ASSETCATALOG_COMPILER_APPICON_NAME = AppIcon;
				ASSETCATALOG_COMPILER_GLOBAL_ACCENT_COLOR_NAME = AccentColor;
				CODE_SIGN_ENTITLEMENTS = ClippyIsle/ClippyIsle.entitlements;
				CODE_SIGN_STYLE = Automatic;
				CURRENT_PROJECT_VERSION = 1;
				DEVELOPMENT_TEAM = J894ABBU74;
				ENABLE_PREVIEWS = YES;
				GENERATE_INFOPLIST_FILE = YES;
				INFOPLIST_FILE = ClippyIsle/Info.plist;
				INFOPLIST_KEY_CFBundleDisplayName = "C Isle";
				INFOPLIST_KEY_NSMicrophoneUsageDescription = "用於錄音以支援語音搜尋與語音控制。";
				INFOPLIST_KEY_NSPhotoLibraryAddUsageDescription = "用於將內容儲存到您的相簿。";
				INFOPLIST_KEY_NSPhotoLibraryUsageDescription = "用於選取圖片以儲存或建立剪貼項目。";
				INFOPLIST_KEY_NSSpeechRecognitionUsageDescription = "用於將語音轉為文字以啟用語音搜尋功能。";
				INFOPLIST_KEY_NSSupportsLiveActivities = YES;
				INFOPLIST_KEY_UIApplicationSceneManifest_Generation = YES;
				INFOPLIST_KEY_UIApplicationSupportsIndirectInputEvents = YES;
				INFOPLIST_KEY_UILaunchScreen_Generation = YES;
				INFOPLIST_KEY_UISupportedInterfaceOrientations = UIInterfaceOrientationPortrait;
				INFOPLIST_KEY_UISupportedInterfaceOrientations_iPad = "UIInterfaceOrientationLandscapeLeft UIInterfaceOrientationLandscapeRight UIInterfaceOrientationPortrait UIInterfaceOrientationPortraitUpsideDown";
				IPHONEOS_DEPLOYMENT_TARGET = 18.6;
				LD_RUNPATH_SEARCH_PATHS = (
					"$(inherited)",
					"@executable_path/Frameworks",
				);
				MARKETING_VERSION = 1.0;
				PRODUCT_BUNDLE_IDENTIFIER = J894ABBU74.ClippyIsle;
				PRODUCT_NAME = "$(TARGET_NAME)";
				STRING_CATALOG_GENERATE_SYMBOLS = YES;
				SWIFT_APPROACHABLE_CONCURRENCY = YES;
				SWIFT_DEFAULT_ACTOR_ISOLATION = MainActor;
				SWIFT_EMIT_LOC_STRINGS = YES;
				SWIFT_UPCOMING_FEATURE_MEMBER_IMPORT_VISIBILITY = YES;
				SWIFT_VERSION = 5.0;
				TARGETED_DEVICE_FAMILY = "1,2";
			};
			name = Release;
		};
		EAF252902EAD209700BE2A3A /* Debug */ = {
			isa = XCBuildConfiguration;
			buildSettings = {
				ASSETCATALOG_COMPILER_GLOBAL_ACCENT_COLOR_NAME = AccentColor;
				ASSETCATALOG_COMPILER_WIDGET_BACKGROUND_COLOR_NAME = WidgetBackground;
				CODE_SIGN_ENTITLEMENTS = ClippyIsleWidgetExtension.entitlements;
				CODE_SIGN_STYLE = Automatic;
				CURRENT_PROJECT_VERSION = 1;
				DEVELOPMENT_TEAM = J894ABBU74;
				GENERATE_INFOPLIST_FILE = YES;
				INFOPLIST_FILE = ClippyIsleWidget/Info.plist;
				INFOPLIST_KEY_CFBundleDisplayName = "C Isle Widget";
				INFOPLIST_KEY_NSHumanReadableCopyright = "";
				INFOPLIST_KEY_NSSupportsLiveActivities = YES;
				IPHONEOS_DEPLOYMENT_TARGET = 18.6;
				LD_RUNPATH_SEARCH_PATHS = (
					"$(inherited)",
					"@executable_path/Frameworks",
					"@executable_path/../../Frameworks",
				);
				MARKETING_VERSION = 1.0;
				PRODUCT_BUNDLE_IDENTIFIER = J894ABBU74.ClippyIsle.ClippyIsleWidget;
				PRODUCT_NAME = "$(TARGET_NAME)";
				SKIP_INSTALL = YES;
				STRING_CATALOG_GENERATE_SYMBOLS = YES;
				SWIFT_APPROACHABLE_CONCURRENCY = YES;
				SWIFT_EMIT_LOC_STRINGS = YES;
				SWIFT_UPCOMING_FEATURE_MEMBER_IMPORT_VISIBILITY = YES;
				SWIFT_VERSION = 5.0;
				TARGETED_DEVICE_FAMILY = "1,2";
			};
			name = Debug;
		};
		EAF252912EAD209700BE2A3A /* Release */ = {
			isa = XCBuildConfiguration;
			buildSettings = {
				ASSETCATALOG_COMPILER_GLOBAL_ACCENT_COLOR_NAME = AccentColor;
				ASSETCATALOG_COMPILER_WIDGET_BACKGROUND_COLOR_NAME = WidgetBackground;
				CODE_SIGN_ENTITLEMENTS = ClippyIsleWidgetExtension.entitlements;
				CODE_SIGN_STYLE = Automatic;
				CURRENT_PROJECT_VERSION = 1;
				DEVELOPMENT_TEAM = J894ABBU74;
				GENERATE_INFOPLIST_FILE = YES;
				INFOPLIST_FILE = ClippyIsleWidget/Info.plist;
				INFOPLIST_KEY_CFBundleDisplayName = "C Isle Widget";
				INFOPLIST_KEY_NSHumanReadableCopyright = "";
				INFOPLIST_KEY_NSSupportsLiveActivities = YES;
				IPHONEOS_DEPLOYMENT_TARGET = 18.6;
				LD_RUNPATH_SEARCH_PATHS = (
					"$(inherited)",
					"@executable_path/Frameworks",
					"@executable_path/../../Frameworks",
				);
				MARKETING_VERSION = 1.0;
				PRODUCT_BUNDLE_IDENTIFIER = J894ABBU74.ClippyIsle.ClippyIsleWidget;
				PRODUCT_NAME = "$(TARGET_NAME)";
				SKIP_INSTALL = YES;
				STRING_CATALOG_GENERATE_SYMBOLS = YES;
				SWIFT_APPROACHABLE_CONCURRENCY = YES;
				SWIFT_EMIT_LOC_STRINGS = YES;
				SWIFT_UPCOMING_FEATURE_MEMBER_IMPORT_VISIBILITY = YES;
				SWIFT_VERSION = 5.0;
				TARGETED_DEVICE_FAMILY = "1,2";
			};
			name = Release;
		};
		EAF252A52EAD217600BE2A3A /* Debug */ = {
			isa = XCBuildConfiguration;
			buildSettings = {
				CODE_SIGN_ENTITLEMENTS = ClippyIsleShare/ClippyIsleShare.entitlements;
				CODE_SIGN_STYLE = Automatic;
				CURRENT_PROJECT_VERSION = 1;
				DEVELOPMENT_TEAM = J894ABBU74;
				GENERATE_INFOPLIST_FILE = YES;
				INFOPLIST_FILE = ClippyIsleShare/Info.plist;
				INFOPLIST_KEY_CFBundleDisplayName = "C Isle Share";
				INFOPLIST_KEY_NSHumanReadableCopyright = "";
				IPHONEOS_DEPLOYMENT_TARGET = 18.6;
				LD_RUNPATH_SEARCH_PATHS = (
					"$(inherited)",
					"@executable_path/Frameworks",
					"@executable_path/../../Frameworks",
				);
				MARKETING_VERSION = 1.0;
				PRODUCT_BUNDLE_IDENTIFIER = J894ABBU74.ClippyIsle.ClippyIsleShare;
				PRODUCT_NAME = "$(TARGET_NAME)";
				SKIP_INSTALL = YES;
				STRING_CATALOG_GENERATE_SYMBOLS = YES;
				SWIFT_APPROACHABLE_CONCURRENCY = YES;
				SWIFT_EMIT_LOC_STRINGS = YES;
				SWIFT_UPCOMING_FEATURE_MEMBER_IMPORT_VISIBILITY = YES;
				SWIFT_VERSION = 5.0;
				TARGETED_DEVICE_FAMILY = "1,2";
			};
			name = Debug;
		};
		EAF252A62EAD217600BE2A3A /* Release */ = {
			isa = XCBuildConfiguration;
			buildSettings = {
				CODE_SIGN_ENTITLEMENTS = ClippyIsleShare/ClippyIsleShare.entitlements;
				CODE_SIGN_STYLE = Automatic;
				CURRENT_PROJECT_VERSION = 1;
				DEVELOPMENT_TEAM = J894ABBU74;
				GENERATE_INFOPLIST_FILE = YES;
				INFOPLIST_FILE = ClippyIsleShare/Info.plist;
				INFOPLIST_KEY_CFBundleDisplayName = "C Isle Share";
				INFOPLIST_KEY_NSHumanReadableCopyright = "";
				IPHONEOS_DEPLOYMENT_TARGET = 18.6;
				LD_RUNPATH_SEARCH_PATHS = (
					"$(inherited)",
					"@executable_path/Frameworks",
					"@executable_path/../../Frameworks",
				);
				MARKETING_VERSION = 1.0;
				PRODUCT_BUNDLE_IDENTIFIER = J894ABBU74.ClippyIsle.ClippyIsleShare;
				PRODUCT_NAME = "$(TARGET_NAME)";
				SKIP_INSTALL = YES;
				STRING_CATALOG_GENERATE_SYMBOLS = YES;
				SWIFT_APPROACHABLE_CONCURRENCY = YES;
				SWIFT_EMIT_LOC_STRINGS = YES;
				SWIFT_UPCOMING_FEATURE_MEMBER_IMPORT_VISIBILITY = YES;
				SWIFT_VERSION = 5.0;
				TARGETED_DEVICE_FAMILY = "1,2";
			};
			name = Release;
		};
/* End XCBuildConfiguration section */

/* Begin XCConfigurationList section */
		EAF252632EAD1F8600BE2A3A /* Build configuration list for PBXProject "ClippyIsle" */ = {
			isa = XCConfigurationList;
			buildConfigurations = (
				EAF252712EAD1F8700BE2A3A /* Debug */,
				EAF252722EAD1F8700BE2A3A /* Release */,
			);
			defaultConfigurationIsVisible = 0;
			defaultConfigurationName = Release;
		};
		EAF252732EAD1F8700BE2A3A /* Build configuration list for PBXNativeTarget "ClippyIsle" */ = {
			isa = XCConfigurationList;
			buildConfigurations = (
				EAF252742EAD1F8700BE2A3A /* Debug */,
				EAF252752EAD1F8700BE2A3A /* Release */,
			);
			defaultConfigurationIsVisible = 0;
			defaultConfigurationName = Release;
		};
		EAF2528F2EAD209700BE2A3A /* Build configuration list for PBXNativeTarget "ClippyIsleWidgetExtension" */ = {
			isa = XCConfigurationList;
			buildConfigurations = (
				EAF252902EAD209700BE2A3A /* Debug */,
				EAF252912EAD209700BE2A3A /* Release */,
			);
			defaultConfigurationIsVisible = 0;
			defaultConfigurationName = Release;
		};
		EAF252A42EAD217600BE2A3A /* Build configuration list for PBXNativeTarget "ClippyIsleShare" */ = {
			isa = XCConfigurationList;
			buildConfigurations = (
				EAF252A52EAD217600BE2A3A /* Debug */,
				EAF252A62EAD217600BE2A3A /* Release */,
			);
			defaultConfigurationIsVisible = 0;
			defaultConfigurationName = Release;
		};
/* End XCConfigurationList section */
	};
	rootObject = EAF252602EAD1F8600BE2A3A /* Project object */;
}
